
Microsoft Visual Studio Solution File, Format Version 12.00
# Visual Studio Version 17
VisualStudioVersion = 17.5.33516.290
MinimumVisualStudioVersion = 10.0.40219.1
Project("{9A19103F-16F7-4668-BE54-9A1E7A4F7556}") = "BookShop.API", "BookShop.API\BookShop.API.csproj", "{D9BC2423-1875-41D8-9067-D7CB228B4A01}"
EndProject
Global
	GlobalSection(SolutionConfigurationPlatforms) = preSolution
		Debug|Any CPU = Debug|Any CPU
		Release|Any CPU = Release|Any CPU
	EndGlobalSection
	GlobalSection(ProjectConfigurationPlatforms) = postSolution
		{D9BC2423-1875-41D8-9067-D7CB228B4A01}.Debug|Any CPU.ActiveCfg = Debug|Any CPU
		{D9BC2423-1875-41D8-9067-D7CB228B4A01}.Debug|Any CPU.Build.0 = Debug|Any CPU
		{D9BC2423-1875-41D8-9067-D7CB228B4A01}.Release|Any CPU.ActiveCfg = Release|Any CPU
		{D9BC2423-1875-41D8-9067-D7CB228B4A01}.Release|Any CPU.Build.0 = Release|Any CPU
	EndGlobalSection
	GlobalSection(SolutionProperties) = preSolution
		HideSolutionNode = FALSE
	EndGlobalSection
	GlobalSection(ExtensibilityGlobals) = postSolution
		SolutionGuid = {97E05494-F66F-4A62-A22E-1BC14576BA0A}
	EndGlobalSection
EndGlobal
